
Microsoft Visual Studio Solution File, Format Version 12.00
# Visual Studio Version 17
VisualStudioVersion = 17.1.32319.34
MinimumVisualStudioVersion = 10.0.40219.1
Project("{FAE04EC0-301F-11D3-BF4B-00C04F79EFBC}") = "AreaDoTriangulo", "AreaDoTriangulo\AreaDoTriangulo.csproj", "{0BAA02F6-248F-45E2-80E3-361840FC51E6}"
EndProject
Global
	GlobalSection(SolutionConfigurationPlatforms) = preSolution
		Debug|Any CPU = Debug|Any CPU
		Release|Any CPU = Release|Any CPU
	EndGlobalSection
	GlobalSection(ProjectConfigurationPlatforms) = postSolution
		{0BAA02F6-248F-45E2-80E3-361840FC51E6}.Debug|Any CPU.ActiveCfg = Debug|Any CPU
		{0BAA02F6-248F-45E2-80E3-361840FC51E6}.Debug|Any CPU.Build.0 = Debug|Any CPU
		{0BAA02F6-248F-45E2-80E3-361840FC51E6}.Release|Any CPU.ActiveCfg = Release|Any CPU
		{0BAA02F6-248F-45E2-80E3-361840FC51E6}.Release|Any CPU.Build.0 = Release|Any CPU
	EndGlobalSection
	GlobalSection(SolutionProperties) = preSolution
		HideSolutionNode = FALSE
	EndGlobalSection
	GlobalSection(ExtensibilityGlobals) = postSolution
		SolutionGuid = {00C209AC-207D-4827-B010-363D04D5549A}
	EndGlobalSection
EndGlobal
